
Microsoft Visual Studio Solution File, Format Version 12.00
# Visual Studio 15
VisualStudioVersion = 15.0.27130.2027
MinimumVisualStudioVersion = 10.0.40219.1
Project("{F184B08F-C81C-45F6-A57F-5ABD9991F28F}") = "Customer_Interface", "Customer_Interface\Customer_Interface.vbproj", "{03A57EE2-F3B9-4420-AFA5-A8BA6C03914B}"
EndProject
Global
	GlobalSection(SolutionConfigurationPlatforms) = preSolution
		Debug|Any CPU = Debug|Any CPU
		Release|Any CPU = Release|Any CPU
	EndGlobalSection
	GlobalSection(ProjectConfigurationPlatforms) = postSolution
		{03A57EE2-F3B9-4420-AFA5-A8BA6C03914B}.Debug|Any CPU.ActiveCfg = Debug|Any CPU
		{03A57EE2-F3B9-4420-AFA5-A8BA6C03914B}.Debug|Any CPU.Build.0 = Debug|Any CPU
		{03A57EE2-F3B9-4420-AFA5-A8BA6C03914B}.Release|Any CPU.ActiveCfg = Release|Any CPU
		{03A57EE2-F3B9-4420-AFA5-A8BA6C03914B}.Release|Any CPU.Build.0 = Release|Any CPU
	EndGlobalSection
	GlobalSection(SolutionProperties) = preSolution
		HideSolutionNode = FALSE
	EndGlobalSection
	GlobalSection(ExtensibilityGlobals) = postSolution
		SolutionGuid = {44F4305E-7C01-4D2E-9904-4E9DE76A6034}
	EndGlobalSection
EndGlobal
